# This is a Gradle generated file for dependency locking.
# Manual edits can break the build and are not advised.
# This file is expected to be part of source control.
androidx.activity:activity-ktx:1.2.3=debugAndroidTestCompileClasspath,debugCompileClasspath,debugRuntimeClasspath,debugUnitTestCompileClasspath,debugUnitTestRuntimeClasspath,releaseCompileClasspath,releaseRuntimeClasspath,releaseUnitTestCompileClasspath,releaseUnitTestRuntimeClasspath
androidx.activity:activity:1.2.4=debugAndroidTestCompileClasspath,debugCompileClasspath,debugRuntimeClasspath,debugUnitTestCompileClasspath,debugUnitTestRuntimeClasspath,releaseCompileClasspath,releaseRuntimeClasspath,releaseUnitTestCompileClasspath,releaseUnitTestRuntimeClasspath
androidx.annotation:annotation-experimental:1.1.0=debugAndroidTestCompileClasspath,debugCompileClasspath,debugRuntimeClasspath,debugUnitTestCompileClasspath,debugUnitTestRuntimeClasspath,releaseCompileClasspath,releaseRuntimeClasspath,releaseUnitTestCompileClasspath,releaseUnitTestRuntimeClasspath
androidx.annotation:annotation:1.3.0-alpha01=debugAndroidTestCompileClasspath,debugCompileClasspath,debugRuntimeClasspath,debugUnitTestCompileClasspath,debugUnitTestRuntimeClasspath,releaseCompileClasspath,releaseRuntimeClasspath,releaseUnitTestCompileClasspath,releaseUnitTestRuntimeClasspath
androidx.appcompat:appcompat-resources:1.4.0-alpha03=debugAndroidTestCompileClasspath,debugCompileClasspath,debugRuntimeClasspath,debugUnitTestCompileClasspath,debugUnitTestRuntimeClasspath,releaseCompileClasspath,releaseRuntimeClasspath,releaseUnitTestCompileClasspath,releaseUnitTestRuntimeClasspath
androidx.appcompat:appcompat:1.4.0-alpha03=debugAndroidTestCompileClasspath,debugCompileClasspath,debugRuntimeClasspath,debugUnitTestCompileClasspath,debugUnitTestRuntimeClasspath,releaseCompileClasspath,releaseRuntimeClasspath,releaseUnitTestCompileClasspath,releaseUnitTestRuntimeClasspath
androidx.arch.core:core-common:2.1.0=debugAndroidTestCompileClasspath,debugCompileClasspath,debugRuntimeClasspath,debugUnitTestCompileClasspath,debugUnitTestRuntimeClasspath,releaseCompileClasspath,releaseRuntimeClasspath,releaseUnitTestCompileClasspath,releaseUnitTestRuntimeClasspath
androidx.arch.core:core-runtime:2.1.0=debugAndroidTestCompileClasspath,debugCompileClasspath,debugRuntimeClasspath,debugUnitTestCompileClasspath,debugUnitTestRuntimeClasspath,releaseCompileClasspath,releaseRuntimeClasspath,releaseUnitTestCompileClasspath,releaseUnitTestRuntimeClasspath
androidx.arch.core:core-testing:2.1.0=debugUnitTestCompileClasspath,debugUnitTestRuntimeClasspath,releaseUnitTestCompileClasspath,releaseUnitTestRuntimeClasspath
androidx.cardview:cardview:1.0.0=debugAndroidTestCompileClasspath,debugCompileClasspath,debugRuntimeClasspath,debugUnitTestCompileClasspath,debugUnitTestRuntimeClasspath,releaseCompileClasspath,releaseRuntimeClasspath,releaseUnitTestCompileClasspath,releaseUnitTestRuntimeClasspath
androidx.collection:collection-ktx:1.1.0=debugAndroidTestCompileClasspath,debugCompileClasspath,debugRuntimeClasspath,debugUnitTestCompileClasspath,debugUnitTestRuntimeClasspath,releaseCompileClasspath,releaseRuntimeClasspath,releaseUnitTestCompileClasspath,releaseUnitTestRuntimeClasspath
androidx.collection:collection:1.1.0=debugAndroidTestCompileClasspath,debugCompileClasspath,debugRuntimeClasspath,debugUnitTestCompileClasspath,debugUnitTestRuntimeClasspath,releaseCompileClasspath,releaseRuntimeClasspath,releaseUnitTestCompileClasspath,releaseUnitTestRuntimeClasspath
androidx.constraintlayout:constraintlayout-core:1.0.0-beta04=debugRuntimeClasspath,debugUnitTestRuntimeClasspath,releaseRuntimeClasspath,releaseUnitTestRuntimeClasspath
androidx.constraintlayout:constraintlayout:2.1.0-rc01=debugAndroidTestCompileClasspath,debugCompileClasspath,debugRuntimeClasspath,debugUnitTestCompileClasspath,debugUnitTestRuntimeClasspath,releaseCompileClasspath,releaseRuntimeClasspath,releaseUnitTestCompileClasspath,releaseUnitTestRuntimeClasspath
androidx.coordinatorlayout:coordinatorlayout:1.1.0=debugAndroidTestCompileClasspath,debugCompileClasspath,debugRuntimeClasspath,debugUnitTestCompileClasspath,debugUnitTestRuntimeClasspath,releaseCompileClasspath,releaseRuntimeClasspath,releaseUnitTestCompileClasspath,releaseUnitTestRuntimeClasspath
androidx.core:core-ktx:1.7.0-alpha01=debugAndroidTestCompileClasspath,debugCompileClasspath,debugRuntimeClasspath,debugUnitTestCompileClasspath,debugUnitTestRuntimeClasspath,releaseCompileClasspath,releaseRuntimeClasspath,releaseUnitTestCompileClasspath,releaseUnitTestRuntimeClasspath
androidx.core:core:1.7.0-alpha01=debugAndroidTestCompileClasspath,debugCompileClasspath,debugRuntimeClasspath,debugUnitTestCompileClasspath,debugUnitTestRuntimeClasspath,releaseCompileClasspath,releaseRuntimeClasspath,releaseUnitTestCompileClasspath,releaseUnitTestRuntimeClasspath
androidx.cursoradapter:cursoradapter:1.0.0=debugAndroidTestCompileClasspath,debugCompileClasspath,debugRuntimeClasspath,debugUnitTestCompileClasspath,debugUnitTestRuntimeClasspath,releaseCompileClasspath,releaseRuntimeClasspath,releaseUnitTestCompileClasspath,releaseUnitTestRuntimeClasspath
androidx.customview:customview:1.1.0=debugAndroidTestCompileClasspath,debugCompileClasspath,debugRuntimeClasspath,debugUnitTestCompileClasspath,debugUnitTestRuntimeClasspath,releaseCompileClasspath,releaseRuntimeClasspath,releaseUnitTestCompileClasspath,releaseUnitTestRuntimeClasspath
androidx.databinding:viewbinding:4.2.2=debugAndroidTestCompileClasspath,debugCompileClasspath,debugRuntimeClasspath,debugUnitTestCompileClasspath,debugUnitTestRuntimeClasspath,releaseCompileClasspath,releaseRuntimeClasspath,releaseUnitTestCompileClasspath,releaseUnitTestRuntimeClasspath
androidx.documentfile:documentfile:1.0.0=debugAndroidTestCompileClasspath,debugCompileClasspath,debugRuntimeClasspath,debugUnitTestCompileClasspath,debugUnitTestRuntimeClasspath,releaseCompileClasspath,releaseRuntimeClasspath,releaseUnitTestCompileClasspath,releaseUnitTestRuntimeClasspath
androidx.drawerlayout:drawerlayout:1.1.1=debugAndroidTestCompileClasspath,debugCompileClasspath,debugRuntimeClasspath,debugUnitTestCompileClasspath,debugUnitTestRuntimeClasspath,releaseCompileClasspath,releaseRuntimeClasspath,releaseUnitTestCompileClasspath,releaseUnitTestRuntimeClasspath
androidx.dynamicanimation:dynamicanimation:1.0.0=debugAndroidTestCompileClasspath,debugCompileClasspath,debugRuntimeClasspath,debugUnitTestCompileClasspath,debugUnitTestRuntimeClasspath,releaseCompileClasspath,releaseRuntimeClasspath,releaseUnitTestCompileClasspath,releaseUnitTestRuntimeClasspath
androidx.emoji2:emoji2-views-helper:1.0.0-alpha03=debugRuntimeClasspath,debugUnitTestRuntimeClasspath,releaseRuntimeClasspath,releaseUnitTestRuntimeClasspath
androidx.emoji2:emoji2:1.0.0-alpha03=debugRuntimeClasspath,debugUnitTestRuntimeClasspath,releaseRuntimeClasspath,releaseUnitTestRuntimeClasspath
androidx.exifinterface:exifinterface:1.3.2=debugRuntimeClasspath,debugUnitTestRuntimeClasspath,releaseRuntimeClasspath,releaseUnitTestRuntimeClasspath
androidx.fragment:fragment-ktx:1.4.0-alpha05=debugAndroidTestCompileClasspath,debugCompileClasspath,debugRuntimeClasspath,debugUnitTestCompileClasspath,debugUnitTestRuntimeClasspath,releaseCompileClasspath,releaseRuntimeClasspath,releaseUnitTestCompileClasspath,releaseUnitTestRuntimeClasspath
androidx.fragment:fragment:1.4.0-alpha05=debugAndroidTestCompileClasspath,debugCompileClasspath,debugRuntimeClasspath,debugUnitTestCompileClasspath,debugUnitTestRuntimeClasspath,releaseCompileClasspath,releaseRuntimeClasspath,releaseUnitTestCompileClasspath,releaseUnitTestRuntimeClasspath
androidx.interpolator:interpolator:1.0.0=debugAndroidTestCompileClasspath,debugCompileClasspath,debugRuntimeClasspath,debugUnitTestCompileClasspath,debugUnitTestRuntimeClasspath,releaseCompileClasspath,releaseRuntimeClasspath,releaseUnitTestCompileClasspath,releaseUnitTestRuntimeClasspath
androidx.legacy:legacy-support-core-utils:1.0.0=debugAndroidTestCompileClasspath,debugCompileClasspath,debugRuntimeClasspath,debugUnitTestCompileClasspath,debugUnitTestRuntimeClasspath,releaseCompileClasspath,releaseRuntimeClasspath,releaseUnitTestCompileClasspath,releaseUnitTestRuntimeClasspath
androidx.lifecycle:lifecycle-common-java8:2.4.0-alpha02=debugAndroidTestCompileClasspath,debugCompileClasspath,debugRuntimeClasspath,debugUnitTestCompileClasspath,debugUnitTestRuntimeClasspath,releaseCompileClasspath,releaseRuntimeClasspath,releaseUnitTestCompileClasspath,releaseUnitTestRuntimeClasspath
androidx.lifecycle:lifecycle-common:2.4.0-alpha02=debugAndroidTestCompileClasspath,debugCompileClasspath,debugRuntimeClasspath,debugUnitTestCompileClasspath,debugUnitTestRuntimeClasspath,releaseCompileClasspath,releaseRuntimeClasspath,releaseUnitTestCompileClasspath,releaseUnitTestRuntimeClasspath
androidx.lifecycle:lifecycle-livedata-core-ktx:2.4.0-alpha02=debugAndroidTestCompileClasspath,debugCompileClasspath,debugRuntimeClasspath,debugUnitTestCompileClasspath,debugUnitTestRuntimeClasspath,releaseCompileClasspath,releaseRuntimeClasspath,releaseUnitTestCompileClasspath,releaseUnitTestRuntimeClasspath
androidx.lifecycle:lifecycle-livedata-core:2.4.0-alpha02=debugAndroidTestCompileClasspath,debugCompileClasspath,debugRuntimeClasspath,debugUnitTestCompileClasspath,debugUnitTestRuntimeClasspath,releaseCompileClasspath,releaseRuntimeClasspath,releaseUnitTestCompileClasspath,releaseUnitTestRuntimeClasspath
androidx.lifecycle:lifecycle-livedata-ktx:2.4.0-alpha02=debugAndroidTestCompileClasspath,debugCompileClasspath,debugRuntimeClasspath,debugUnitTestCompileClasspath,debugUnitTestRuntimeClasspath,releaseCompileClasspath,releaseRuntimeClasspath,releaseUnitTestCompileClasspath,releaseUnitTestRuntimeClasspath
androidx.lifecycle:lifecycle-livedata:2.4.0-alpha02=debugAndroidTestCompileClasspath,debugCompileClasspath,debugRuntimeClasspath,debugUnitTestCompileClasspath,debugUnitTestRuntimeClasspath,releaseCompileClasspath,releaseRuntimeClasspath,releaseUnitTestCompileClasspath,releaseUnitTestRuntimeClasspath
androidx.lifecycle:lifecycle-process:2.4.0-alpha02=debugRuntimeClasspath,debugUnitTestRuntimeClasspath,releaseRuntimeClasspath,releaseUnitTestRuntimeClasspath
androidx.lifecycle:lifecycle-runtime-ktx:2.3.1=debugAndroidTestCompileClasspath,debugCompileClasspath,debugRuntimeClasspath,debugUnitTestCompileClasspath,debugUnitTestRuntimeClasspath,releaseCompileClasspath,releaseRuntimeClasspath,releaseUnitTestCompileClasspath,releaseUnitTestRuntimeClasspath
androidx.lifecycle:lifecycle-runtime:2.3.1=debugAndroidTestCompileClasspath
androidx.lifecycle:lifecycle-runtime:2.4.0-alpha02=debugCompileClasspath,debugRuntimeClasspath,debugUnitTestCompileClasspath,debugUnitTestRuntimeClasspath,releaseCompileClasspath,releaseRuntimeClasspath,releaseUnitTestCompileClasspath,releaseUnitTestRuntimeClasspath
androidx.lifecycle:lifecycle-viewmodel-ktx:2.4.0-alpha02=debugAndroidTestCompileClasspath,debugCompileClasspath,debugRuntimeClasspath,debugUnitTestCompileClasspath,debugUnitTestRuntimeClasspath,releaseCompileClasspath,releaseRuntimeClasspath,releaseUnitTestCompileClasspath,releaseUnitTestRuntimeClasspath
androidx.lifecycle:lifecycle-viewmodel-savedstate:2.3.1=debugAndroidTestCompileClasspath,debugCompileClasspath,debugRuntimeClasspath,debugUnitTestCompileClasspath,debugUnitTestRuntimeClasspath,releaseCompileClasspath,releaseRuntimeClasspath,releaseUnitTestCompileClasspath,releaseUnitTestRuntimeClasspath
androidx.lifecycle:lifecycle-viewmodel:2.4.0-alpha02=debugAndroidTestCompileClasspath,debugCompileClasspath,debugRuntimeClasspath,debugUnitTestCompileClasspath,debugUnitTestRuntimeClasspath,releaseCompileClasspath,releaseRuntimeClasspath,releaseUnitTestCompileClasspath,releaseUnitTestRuntimeClasspath
androidx.loader:loader:1.0.0=debugAndroidTestCompileClasspath,debugCompileClasspath,debugRuntimeClasspath,debugUnitTestCompileClasspath,debugUnitTestRuntimeClasspath,releaseCompileClasspath,releaseRuntimeClasspath,releaseUnitTestCompileClasspath,releaseUnitTestRuntimeClasspath
androidx.localbroadcastmanager:localbroadcastmanager:1.0.0=debugAndroidTestCompileClasspath,debugCompileClasspath,debugRuntimeClasspath,debugUnitTestCompileClasspath,debugUnitTestRuntimeClasspath,releaseCompileClasspath,releaseRuntimeClasspath,releaseUnitTestCompileClasspath,releaseUnitTestRuntimeClasspath
androidx.navigation:navigation-common-ktx:2.3.5=debugAndroidTestCompileClasspath,debugCompileClasspath,debugRuntimeClasspath,debugUnitTestCompileClasspath,debugUnitTestRuntimeClasspath,releaseCompileClasspath,releaseRuntimeClasspath,releaseUnitTestCompileClasspath,releaseUnitTestRuntimeClasspath
androidx.navigation:navigation-common:2.3.5=debugAndroidTestCompileClasspath,debugCompileClasspath,debugRuntimeClasspath,debugUnitTestCompileClasspath,debugUnitTestRuntimeClasspath,releaseCompileClasspath,releaseRuntimeClasspath,releaseUnitTestCompileClasspath,releaseUnitTestRuntimeClasspath
androidx.navigation:navigation-dynamic-features-fragment:2.3.5=debugAndroidTestCompileClasspath,debugCompileClasspath,debugRuntimeClasspath,debugUnitTestCompileClasspath,debugUnitTestRuntimeClasspath,releaseCompileClasspath,releaseRuntimeClasspath,releaseUnitTestCompileClasspath,releaseUnitTestRuntimeClasspath
androidx.navigation:navigation-dynamic-features-runtime:2.3.5=debugAndroidTestCompileClasspath,debugCompileClasspath,debugRuntimeClasspath,debugUnitTestCompileClasspath,debugUnitTestRuntimeClasspath,releaseCompileClasspath,releaseRuntimeClasspath,releaseUnitTestCompileClasspath,releaseUnitTestRuntimeClasspath
androidx.navigation:navigation-fragment-ktx:2.3.5=debugAndroidTestCompileClasspath,debugCompileClasspath,debugRuntimeClasspath,debugUnitTestCompileClasspath,debugUnitTestRuntimeClasspath,releaseCompileClasspath,releaseRuntimeClasspath,releaseUnitTestCompileClasspath,releaseUnitTestRuntimeClasspath
androidx.navigation:navigation-fragment:2.3.5=debugAndroidTestCompileClasspath,debugCompileClasspath,debugRuntimeClasspath,debugUnitTestCompileClasspath,debugUnitTestRuntimeClasspath,releaseCompileClasspath,releaseRuntimeClasspath,releaseUnitTestCompileClasspath,releaseUnitTestRuntimeClasspath
androidx.navigation:navigation-runtime-ktx:2.3.5=debugAndroidTestCompileClasspath,debugCompileClasspath,debugRuntimeClasspath,debugUnitTestCompileClasspath,debugUnitTestRuntimeClasspath,releaseCompileClasspath,releaseRuntimeClasspath,releaseUnitTestCompileClasspath,releaseUnitTestRuntimeClasspath
androidx.navigation:navigation-runtime:2.3.5=debugAndroidTestCompileClasspath,debugCompileClasspath,debugRuntimeClasspath,debugUnitTestCompileClasspath,debugUnitTestRuntimeClasspath,releaseCompileClasspath,releaseRuntimeClasspath,releaseUnitTestCompileClasspath,releaseUnitTestRuntimeClasspath
androidx.navigation:navigation-ui-ktx:2.3.5=debugAndroidTestCompileClasspath,debugCompileClasspath,debugRuntimeClasspath,debugUnitTestCompileClasspath,debugUnitTestRuntimeClasspath,releaseCompileClasspath,releaseRuntimeClasspath,releaseUnitTestCompileClasspath,releaseUnitTestRuntimeClasspath
androidx.navigation:navigation-ui:2.3.5=debugAndroidTestCompileClasspath,debugCompileClasspath,debugRuntimeClasspath,debugUnitTestCompileClasspath,debugUnitTestRuntimeClasspath,releaseCompileClasspath,releaseRuntimeClasspath,releaseUnitTestCompileClasspath,releaseUnitTestRuntimeClasspath
androidx.print:print:1.0.0=debugAndroidTestCompileClasspath,debugCompileClasspath,debugRuntimeClasspath,debugUnitTestCompileClasspath,debugUnitTestRuntimeClasspath,releaseCompileClasspath,releaseRuntimeClasspath,releaseUnitTestCompileClasspath,releaseUnitTestRuntimeClasspath
androidx.recyclerview:recyclerview:1.2.1=debugAndroidTestCompileClasspath,debugCompileClasspath,debugRuntimeClasspath,debugUnitTestCompileClasspath,debugUnitTestRuntimeClasspath,releaseCompileClasspath,releaseRuntimeClasspath,releaseUnitTestCompileClasspath,releaseUnitTestRuntimeClasspath
androidx.resourceinspection:resourceinspection-annotation:1.0.0-alpha03=debugRuntimeClasspath,debugUnitTestRuntimeClasspath,releaseRuntimeClasspath,releaseUnitTestRuntimeClasspath
androidx.room:room-common:2.4.0-alpha04=debugAndroidTestCompileClasspath,debugCompileClasspath,debugRuntimeClasspath,debugUnitTestCompileClasspath,debugUnitTestRuntimeClasspath,releaseCompileClasspath,releaseRuntimeClasspath,releaseUnitTestCompileClasspath,releaseUnitTestRuntimeClasspath
androidx.room:room-ktx:2.4.0-alpha04=debugAndroidTestCompileClasspath,debugCompileClasspath,debugRuntimeClasspath,debugUnitTestCompileClasspath,debugUnitTestRuntimeClasspath,releaseCompileClasspath,releaseRuntimeClasspath,releaseUnitTestCompileClasspath,releaseUnitTestRuntimeClasspath
androidx.room:room-runtime:2.4.0-alpha04=debugAndroidTestCompileClasspath,debugCompileClasspath,debugRuntimeClasspath,debugUnitTestCompileClasspath,debugUnitTestRuntimeClasspath,releaseCompileClasspath,releaseRuntimeClasspath,releaseUnitTestCompileClasspath,releaseUnitTestRuntimeClasspath
androidx.savedstate:savedstate-ktx:1.1.0=debugAndroidTestCompileClasspath,debugCompileClasspath,debugRuntimeClasspath,debugUnitTestCompileClasspath,debugUnitTestRuntimeClasspath,releaseCompileClasspath,releaseRuntimeClasspath,releaseUnitTestCompileClasspath,releaseUnitTestRuntimeClasspath
androidx.savedstate:savedstate:1.1.0=debugAndroidTestCompileClasspath,debugCompileClasspath,debugRuntimeClasspath,debugUnitTestCompileClasspath,debugUnitTestRuntimeClasspath,releaseCompileClasspath,releaseRuntimeClasspath,releaseUnitTestCompileClasspath,releaseUnitTestRuntimeClasspath
androidx.sqlite:sqlite-framework:2.2.0-alpha02=debugAndroidTestCompileClasspath,debugCompileClasspath,debugRuntimeClasspath,debugUnitTestCompileClasspath,debugUnitTestRuntimeClasspath,releaseCompileClasspath,releaseRuntimeClasspath,releaseUnitTestCompileClasspath,releaseUnitTestRuntimeClasspath
androidx.sqlite:sqlite:2.2.0-alpha02=debugAndroidTestCompileClasspath,debugCompileClasspath,debugRuntimeClasspath,debugUnitTestCompileClasspath,debugUnitTestRuntimeClasspath,releaseCompileClasspath,releaseRuntimeClasspath,releaseUnitTestCompileClasspath,releaseUnitTestRuntimeClasspath
androidx.startup:startup-runtime:1.0.0=debugRuntimeClasspath,debugUnitTestRuntimeClasspath,releaseRuntimeClasspath,releaseUnitTestRuntimeClasspath
androidx.test.espresso:espresso-core:3.4.0=debugUnitTestCompileClasspath,debugUnitTestRuntimeClasspath,releaseUnitTestCompileClasspath,releaseUnitTestRuntimeClasspath
androidx.test.espresso:espresso-idling-resource:3.4.0=debugUnitTestCompileClasspath,debugUnitTestRuntimeClasspath,releaseUnitTestCompileClasspath,releaseUnitTestRuntimeClasspath
androidx.test.services:storage:1.4.0=debugUnitTestCompileClasspath,debugUnitTestRuntimeClasspath,releaseUnitTestCompileClasspath,releaseUnitTestRuntimeClasspath
androidx.test:monitor:1.4.0=debugUnitTestCompileClasspath,debugUnitTestRuntimeClasspath,releaseUnitTestCompileClasspath,releaseUnitTestRuntimeClasspath
androidx.test:runner:1.4.0=debugUnitTestCompileClasspath,debugUnitTestRuntimeClasspath,releaseUnitTestCompileClasspath,releaseUnitTestRuntimeClasspath
androidx.tracing:tracing:1.0.0=debugRuntimeClasspath,debugUnitTestRuntimeClasspath,releaseRuntimeClasspath,releaseUnitTestRuntimeClasspath
androidx.transition:transition:1.2.0=debugAndroidTestCompileClasspath
androidx.transition:transition:1.3.0=debugCompileClasspath,debugRuntimeClasspath,debugUnitTestCompileClasspath,debugUnitTestRuntimeClasspath,releaseCompileClasspath,releaseRuntimeClasspath,releaseUnitTestCompileClasspath,releaseUnitTestRuntimeClasspath
androidx.vectordrawable:vectordrawable-animated:1.1.0=debugAndroidTestCompileClasspath,debugCompileClasspath,debugRuntimeClasspath,debugUnitTestCompileClasspath,debugUnitTestRuntimeClasspath,releaseCompileClasspath,releaseRuntimeClasspath,releaseUnitTestCompileClasspath,releaseUnitTestRuntimeClasspath
androidx.vectordrawable:vectordrawable:1.1.0=debugAndroidTestCompileClasspath,debugCompileClasspath,debugRuntimeClasspath,debugUnitTestCompileClasspath,debugUnitTestRuntimeClasspath,releaseCompileClasspath,releaseRuntimeClasspath,releaseUnitTestCompileClasspath,releaseUnitTestRuntimeClasspath
androidx.versionedparcelable:versionedparcelable:1.1.1=debugAndroidTestCompileClasspath,debugCompileClasspath,debugRuntimeClasspath,debugUnitTestCompileClasspath,debugUnitTestRuntimeClasspath,releaseCompileClasspath,releaseRuntimeClasspath,releaseUnitTestCompileClasspath,releaseUnitTestRuntimeClasspath
androidx.viewpager2:viewpager2:1.0.0=debugAndroidTestCompileClasspath,debugCompileClasspath,debugRuntimeClasspath,debugUnitTestCompileClasspath,debugUnitTestRuntimeClasspath,releaseCompileClasspath,releaseRuntimeClasspath,releaseUnitTestCompileClasspath,releaseUnitTestRuntimeClasspath
androidx.viewpager:viewpager:1.0.0=debugAndroidTestCompileClasspath,debugCompileClasspath,debugRuntimeClasspath,debugUnitTestCompileClasspath,debugUnitTestRuntimeClasspath,releaseCompileClasspath,releaseRuntimeClasspath,releaseUnitTestCompileClasspath,releaseUnitTestRuntimeClasspath
com.airbnb.android:lottie:2.8.0=debugAndroidTestCompileClasspath,debugCompileClasspath,debugRuntimeClasspath,debugUnitTestCompileClasspath,debugUnitTestRuntimeClasspath,releaseCompileClasspath,releaseRuntimeClasspath,releaseUnitTestCompileClasspath,releaseUnitTestRuntimeClasspath
com.android.tools.analytics-library:protos:27.2.2=lintClassPath
com.android.tools.analytics-library:shared:27.2.2=lintClassPath
com.android.tools.analytics-library:tracker:27.2.2=lintClassPath
com.android.tools.build:aapt2-proto:4.1.0-alpha01-6193524=lintClassPath
com.android.tools.build:aapt2:4.1.2-6503028=_internal_aapt2_binary
com.android.tools.build:apksig:4.2.2=lintClassPath
com.android.tools.build:apkzlib:4.2.2=lintClassPath
com.android.tools.build:builder-model:4.2.2=lintClassPath
com.android.tools.build:builder-test-api:4.2.2=lintClassPath
com.android.tools.build:builder:4.2.2=lintClassPath
com.android.tools.build:gradle-api:4.2.2=lintClassPath
com.android.tools.build:manifest-merger:27.2.2=lintClassPath
com.android.tools.ddms:ddmlib:27.2.2=lintClassPath
com.android.tools.external.com-intellij:intellij-core:27.2.2=lintClassPath
com.android.tools.external.com-intellij:kotlin-compiler:27.2.2=lintClassPath
com.android.tools.external.org-jetbrains:uast:27.2.2=lintClassPath
com.android.tools.layoutlib:layoutlib-api:27.2.2=lintClassPath
com.android.tools.lint:lint-api:27.2.2=lintClassPath
com.android.tools.lint:lint-checks:27.2.2=lintClassPath
com.android.tools.lint:lint-gradle-api:27.2.2=lintClassPath
com.android.tools.lint:lint-gradle:27.2.2=lintClassPath
com.android.tools.lint:lint-model:27.2.2=lintClassPath
com.android.tools.lint:lint:27.2.2=lintClassPath
com.android.tools:annotations:27.2.2=lintClassPath
com.android.tools:common:27.2.2=lintClassPath
com.android.tools:dvlib:27.2.2=lintClassPath
com.android.tools:repository:27.2.2=lintClassPath
com.android.tools:sdk-common:27.2.2=lintClassPath
com.android.tools:sdklib:27.2.2=lintClassPath
com.android:signflinger:4.2.2=lintClassPath
com.android:zipflinger:4.2.2=lintClassPath
com.facebook.stetho:stetho-okhttp3:1.5.0=debugAndroidTestCompileClasspath,debugCompileClasspath,debugRuntimeClasspath,debugUnitTestCompileClasspath,debugUnitTestRuntimeClasspath,releaseCompileClasspath,releaseRuntimeClasspath,releaseUnitTestCompileClasspath,releaseUnitTestRuntimeClasspath
com.facebook.stetho:stetho:1.5.0=debugAndroidTestCompileClasspath,debugCompileClasspath,debugRuntimeClasspath,debugUnitTestCompileClasspath,debugUnitTestRuntimeClasspath,releaseCompileClasspath,releaseRuntimeClasspath,releaseUnitTestCompileClasspath,releaseUnitTestRuntimeClasspath
com.google.android.material:material:1.5.0-alpha01=debugAndroidTestCompileClasspath,debugCompileClasspath,debugRuntimeClasspath,debugUnitTestCompileClasspath,debugUnitTestRuntimeClasspath,releaseCompileClasspath,releaseRuntimeClasspath,releaseUnitTestCompileClasspath,releaseUnitTestRuntimeClasspath
com.google.android.play:core:1.10.0=debugAndroidTestCompileClasspath,debugCompileClasspath,debugRuntimeClasspath,debugUnitTestCompileClasspath,debugUnitTestRuntimeClasspath,releaseCompileClasspath,releaseRuntimeClasspath,releaseUnitTestCompileClasspath,releaseUnitTestRuntimeClasspath
com.google.code.findbugs:jsr305:2.0.1=debugAndroidTestCompileClasspath,debugCompileClasspath,debugRuntimeClasspath,debugUnitTestCompileClasspath,debugUnitTestRuntimeClasspath,releaseCompileClasspath,releaseRuntimeClasspath,releaseUnitTestCompileClasspath,releaseUnitTestRuntimeClasspath
com.google.code.findbugs:jsr305:3.0.2=lintClassPath
com.google.code.gson:gson:2.8.6=lintClassPath
com.google.errorprone:error_prone_annotations:2.3.2=lintClassPath
com.google.guava:failureaccess:1.0.1=lintClassPath
com.google.guava:guava:28.1-jre=lintClassPath
com.google.guava:listenablefuture:9999.0-empty-to-avoid-conflict-with-guava=lintClassPath
com.google.j2objc:j2objc-annotations:1.3=lintClassPath
com.google.jimfs:jimfs:1.1=lintClassPath
com.google.protobuf:protobuf-java:3.10.0=lintClassPath
com.googlecode.json-simple:json-simple:1.1=lintClassPath
com.jakewharton.timber:timber:4.7.1=debugAndroidTestCompileClasspath,debugCompileClasspath,debugRuntimeClasspath,debugUnitTestCompileClasspath,debugUnitTestRuntimeClasspath,releaseCompileClasspath,releaseRuntimeClasspath,releaseUnitTestCompileClasspath,releaseUnitTestRuntimeClasspath
com.squareup.moshi:moshi:1.8.0=debugAndroidTestCompileClasspath,debugCompileClasspath,debugRuntimeClasspath,debugUnitTestCompileClasspath,debugUnitTestRuntimeClasspath,releaseCompileClasspath,releaseRuntimeClasspath,releaseUnitTestCompileClasspath,releaseUnitTestRuntimeClasspath
com.squareup.okhttp3:logging-interceptor:4.10.0-RC1=debugAndroidTestCompileClasspath,debugCompileClasspath,debugRuntimeClasspath,debugUnitTestCompileClasspath,debugUnitTestRuntimeClasspath,releaseCompileClasspath,releaseRuntimeClasspath,releaseUnitTestCompileClasspath,releaseUnitTestRuntimeClasspath
com.squareup.okhttp3:okhttp:4.10.0-RC1=debugAndroidTestCompileClasspath,debugCompileClasspath,debugRuntimeClasspath,debugUnitTestCompileClasspath,debugUnitTestRuntimeClasspath,releaseCompileClasspath,releaseRuntimeClasspath,releaseUnitTestCompileClasspath,releaseUnitTestRuntimeClasspath
com.squareup.okio:okio:2.10.0=debugAndroidTestCompileClasspath,debugCompileClasspath,debugRuntimeClasspath,debugUnitTestCompileClasspath,debugUnitTestRuntimeClasspath,releaseCompileClasspath,releaseRuntimeClasspath,releaseUnitTestCompileClasspath,releaseUnitTestRuntimeClasspath
com.squareup.retrofit2:converter-moshi:2.9.0=debugAndroidTestCompileClasspath,debugCompileClasspath,debugRuntimeClasspath,debugUnitTestCompileClasspath,debugUnitTestRuntimeClasspath,releaseCompileClasspath,releaseRuntimeClasspath,releaseUnitTestCompileClasspath,releaseUnitTestRuntimeClasspath
com.squareup.retrofit2:retrofit:2.9.0=debugAndroidTestCompileClasspath,debugCompileClasspath,debugRuntimeClasspath,debugUnitTestCompileClasspath,debugUnitTestRuntimeClasspath,releaseCompileClasspath,releaseRuntimeClasspath,releaseUnitTestCompileClasspath,releaseUnitTestRuntimeClasspath
com.squareup:javawriter:2.1.1=debugUnitTestCompileClasspath,debugUnitTestRuntimeClasspath,releaseUnitTestCompileClasspath,releaseUnitTestRuntimeClasspath
com.squareup:javawriter:2.5.0=lintClassPath
com.sun.activation:javax.activation:1.2.0=lintClassPath
com.sun.istack:istack-commons-runtime:3.0.8=lintClassPath
com.sun.xml.fastinfoset:FastInfoset:1.2.16=lintClassPath
commons-cli:commons-cli:1.2=debugAndroidTestCompileClasspath,debugCompileClasspath,debugRuntimeClasspath,debugUnitTestCompileClasspath,debugUnitTestRuntimeClasspath,releaseCompileClasspath,releaseRuntimeClasspath,releaseUnitTestCompileClasspath,releaseUnitTestRuntimeClasspath
commons-codec:commons-codec:1.10=lintClassPath
commons-logging:commons-logging:1.2=lintClassPath
io.coil-kt:coil-base:1.3.0=debugAndroidTestCompileClasspath,debugCompileClasspath,debugRuntimeClasspath,debugUnitTestCompileClasspath,debugUnitTestRuntimeClasspath,releaseCompileClasspath,releaseRuntimeClasspath,releaseUnitTestCompileClasspath,releaseUnitTestRuntimeClasspath
io.coil-kt:coil:1.3.0=debugAndroidTestCompileClasspath,debugCompileClasspath,debugRuntimeClasspath,debugUnitTestCompileClasspath,debugUnitTestRuntimeClasspath,releaseCompileClasspath,releaseRuntimeClasspath,releaseUnitTestCompileClasspath,releaseUnitTestRuntimeClasspath
io.mockk:mockk-agent-api:1.12.0=debugUnitTestRuntimeClasspath,releaseUnitTestRuntimeClasspath
io.mockk:mockk-agent-common:1.12.0=debugUnitTestRuntimeClasspath,releaseUnitTestRuntimeClasspath
io.mockk:mockk-agent-jvm:1.12.0=debugUnitTestRuntimeClasspath,releaseUnitTestRuntimeClasspath
io.mockk:mockk-common:1.12.0=debugUnitTestCompileClasspath,debugUnitTestRuntimeClasspath,releaseUnitTestCompileClasspath,releaseUnitTestRuntimeClasspath
io.mockk:mockk-dsl-jvm:1.12.0=debugUnitTestCompileClasspath,debugUnitTestRuntimeClasspath,releaseUnitTestCompileClasspath,releaseUnitTestRuntimeClasspath
io.mockk:mockk-dsl:1.12.0=debugUnitTestCompileClasspath,debugUnitTestRuntimeClasspath,releaseUnitTestCompileClasspath,releaseUnitTestRuntimeClasspath
io.mockk:mockk:1.12.0=debugUnitTestCompileClasspath,debugUnitTestRuntimeClasspath,releaseUnitTestCompileClasspath,releaseUnitTestRuntimeClasspath
it.unimi.dsi:fastutil:8.4.0=lintClassPath
jakarta.activation:jakarta.activation-api:1.2.1=lintClassPath
jakarta.xml.bind:jakarta.xml.bind-api:2.3.2=lintClassPath
javax.inject:javax.inject:1=debugUnitTestCompileClasspath,debugUnitTestRuntimeClasspath,lintClassPath,releaseUnitTestCompileClasspath,releaseUnitTestRuntimeClasspath
junit:junit:4.12=debugUnitTestCompileClasspath,debugUnitTestRuntimeClasspath,releaseUnitTestCompileClasspath,releaseUnitTestRuntimeClasspath
net.bytebuddy:byte-buddy-agent:1.11.5=debugUnitTestRuntimeClasspath,releaseUnitTestRuntimeClasspath
net.bytebuddy:byte-buddy:1.11.5=debugUnitTestRuntimeClasspath,releaseUnitTestRuntimeClasspath
net.java.dev.jna:jna-platform:5.5.0=debugUnitTestRuntimeClasspath,releaseUnitTestRuntimeClasspath
net.java.dev.jna:jna-platform:5.6.0=lintClassPath
net.java.dev.jna:jna:5.5.0=debugUnitTestRuntimeClasspath,releaseUnitTestRuntimeClasspath
net.java.dev.jna:jna:5.6.0=lintClassPath
net.sf.jopt-simple:jopt-simple:4.9=lintClassPath
net.sf.kxml:kxml2:2.3.0=lintClassPath
org.amshove.kluent:kluent-android:1.68=debugUnitTestCompileClasspath,debugUnitTestRuntimeClasspath,releaseUnitTestCompileClasspath,releaseUnitTestRuntimeClasspath
org.amshove.kluent:kluent-common:1.68=debugUnitTestCompileClasspath,debugUnitTestRuntimeClasspath,releaseUnitTestCompileClasspath,releaseUnitTestRuntimeClasspath
org.apache.commons:commons-compress:1.12=lintClassPath
org.apache.httpcomponents:httpclient:4.5.6=lintClassPath
org.apache.httpcomponents:httpcore:4.4.10=lintClassPath
org.apache.httpcomponents:httpmime:4.5.6=lintClassPath
org.apiguardian:apiguardian-api:1.1.1=debugUnitTestCompileClasspath,debugUnitTestRuntimeClasspath,releaseUnitTestCompileClasspath,releaseUnitTestRuntimeClasspath
org.bouncycastle:bcpkix-jdk15on:1.56=lintClassPath
org.bouncycastle:bcprov-jdk15on:1.56=lintClassPath
org.checkerframework:checker-qual:2.8.1=lintClassPath
org.codehaus.groovy:groovy-all:2.4.15=lintClassPath
org.codehaus.mojo:animal-sniffer-annotations:1.18=lintClassPath
org.glassfish.jaxb:jaxb-runtime:2.3.2=lintClassPath
org.glassfish.jaxb:txw2:2.3.2=lintClassPath
org.hamcrest:hamcrest-core:1.3=debugUnitTestCompileClasspath,debugUnitTestRuntimeClasspath,releaseUnitTestCompileClasspath,releaseUnitTestRuntimeClasspath
org.hamcrest:hamcrest-integration:1.3=debugUnitTestCompileClasspath,debugUnitTestRuntimeClasspath,releaseUnitTestCompileClasspath,releaseUnitTestRuntimeClasspath
org.hamcrest:hamcrest-library:1.3=debugUnitTestCompileClasspath,debugUnitTestRuntimeClasspath,releaseUnitTestCompileClasspath,releaseUnitTestRuntimeClasspath
org.jetbrains.intellij.deps:trove4j:1.0.20181211=kotlinCompilerClasspath,kotlinCompilerPluginClasspath,kotlinCompilerPluginClasspathDebug,kotlinCompilerPluginClasspathRelease,kotlinKaptWorkerDependencies,lintClassPath
org.jetbrains.kotlin:kotlin-android-extensions-runtime:1.5.10=debugRuntimeClasspath,debugUnitTestRuntimeClasspath,releaseRuntimeClasspath,releaseUnitTestRuntimeClasspath
org.jetbrains.kotlin:kotlin-annotation-processing-gradle:1.4.30=kotlinCompilerPluginClasspath,kotlinKaptWorkerDependencies
org.jetbrains.kotlin:kotlin-annotation-processing-gradle:1.5.21=kotlinCompilerPluginClasspathDebug,kotlinCompilerPluginClasspathRelease
org.jetbrains.kotlin:kotlin-compiler-embeddable:1.4.30=kotlinCompilerPluginClasspath,kotlinKaptWorkerDependencies
org.jetbrains.kotlin:kotlin-compiler-embeddable:1.5.21=kotlinCompilerClasspath,kotlinCompilerPluginClasspathDebug,kotlinCompilerPluginClasspathRelease
org.jetbrains.kotlin:kotlin-daemon-embeddable:1.4.30=kotlinCompilerPluginClasspath,kotlinKaptWorkerDependencies
org.jetbrains.kotlin:kotlin-daemon-embeddable:1.5.21=kotlinCompilerClasspath,kotlinCompilerPluginClasspathDebug,kotlinCompilerPluginClasspathRelease
org.jetbrains.kotlin:kotlin-parcelize-runtime:1.5.10=debugRuntimeClasspath,debugUnitTestRuntimeClasspath,releaseRuntimeClasspath,releaseUnitTestRuntimeClasspath
org.jetbrains.kotlin:kotlin-reflect:1.4.30=kotlinCompilerPluginClasspath,kotlinKaptWorkerDependencies
org.jetbrains.kotlin:kotlin-reflect:1.4.31=lintClassPath
org.jetbrains.kotlin:kotlin-reflect:1.5.21=debugAndroidTestCompileClasspath,debugCompileClasspath,debugRuntimeClasspath,debugUnitTestCompileClasspath,debugUnitTestRuntimeClasspath,kotlinCompilerClasspath,kotlinCompilerPluginClasspathDebug,kotlinCompilerPluginClasspathRelease,releaseCompileClasspath,releaseRuntimeClasspath,releaseUnitTestCompileClasspath,releaseUnitTestRuntimeClasspath
org.jetbrains.kotlin:kotlin-script-runtime:1.4.30=kotlinCompilerPluginClasspath,kotlinKaptWorkerDependencies
org.jetbrains.kotlin:kotlin-script-runtime:1.5.21=kotlinCompilerClasspath,kotlinCompilerPluginClasspathDebug,kotlinCompilerPluginClasspathRelease
org.jetbrains.kotlin:kotlin-stdlib-common:1.4.30=kotlinCompilerPluginClasspath,kotlinKaptWorkerDependencies
org.jetbrains.kotlin:kotlin-stdlib-common:1.4.31=lintClassPath
org.jetbrains.kotlin:kotlin-stdlib-common:1.5.21=debugAndroidTestCompileClasspath,debugCompileClasspath,debugRuntimeClasspath,debugUnitTestCompileClasspath,debugUnitTestRuntimeClasspath,kotlinCompilerClasspath,kotlinCompilerPluginClasspathDebug,kotlinCompilerPluginClasspathRelease,releaseCompileClasspath,releaseRuntimeClasspath,releaseUnitTestCompileClasspath,releaseUnitTestRuntimeClasspath
org.jetbrains.kotlin:kotlin-stdlib-jdk7:1.4.31=lintClassPath
org.jetbrains.kotlin:kotlin-stdlib-jdk7:1.5.21=debugAndroidTestCompileClasspath,debugCompileClasspath,debugRuntimeClasspath,debugUnitTestCompileClasspath,debugUnitTestRuntimeClasspath,releaseCompileClasspath,releaseRuntimeClasspath,releaseUnitTestCompileClasspath,releaseUnitTestRuntimeClasspath
org.jetbrains.kotlin:kotlin-stdlib-jdk8:1.4.31=lintClassPath
org.jetbrains.kotlin:kotlin-stdlib-jdk8:1.5.21=debugAndroidTestCompileClasspath,debugCompileClasspath,debugRuntimeClasspath,debugUnitTestCompileClasspath,debugUnitTestRuntimeClasspath,releaseCompileClasspath,releaseRuntimeClasspath,releaseUnitTestCompileClasspath,releaseUnitTestRuntimeClasspath
org.jetbrains.kotlin:kotlin-stdlib:1.4.30=kotlinCompilerPluginClasspath,kotlinKaptWorkerDependencies
org.jetbrains.kotlin:kotlin-stdlib:1.4.31=lintClassPath
org.jetbrains.kotlin:kotlin-stdlib:1.5.21=debugAndroidTestCompileClasspath,debugCompileClasspath,debugRuntimeClasspath,debugUnitTestCompileClasspath,debugUnitTestRuntimeClasspath,kotlinCompilerClasspath,kotlinCompilerPluginClasspathDebug,kotlinCompilerPluginClasspathRelease,releaseCompileClasspath,releaseRuntimeClasspath,releaseUnitTestCompileClasspath,releaseUnitTestRuntimeClasspath
org.jetbrains.kotlin:kotlin-test-common:1.3.50=debugUnitTestRuntimeClasspath,releaseUnitTestRuntimeClasspath
org.jetbrains.kotlin:kotlin-test:1.3.50=debugUnitTestRuntimeClasspath,releaseUnitTestRuntimeClasspath
org.jetbrains.kotlinx:kotlinx-coroutines-android:1.5.1=debugAndroidTestCompileClasspath,debugCompileClasspath,debugRuntimeClasspath,debugUnitTestCompileClasspath,debugUnitTestRuntimeClasspath,releaseCompileClasspath,releaseRuntimeClasspath,releaseUnitTestCompileClasspath,releaseUnitTestRuntimeClasspath
org.jetbrains.kotlinx:kotlinx-coroutines-core-jvm:1.5.1=debugAndroidTestCompileClasspath,debugCompileClasspath,debugRuntimeClasspath,debugUnitTestCompileClasspath,debugUnitTestRuntimeClasspath,releaseCompileClasspath,releaseRuntimeClasspath,releaseUnitTestCompileClasspath,releaseUnitTestRuntimeClasspath
org.jetbrains.kotlinx:kotlinx-coroutines-core:1.5.1=debugAndroidTestCompileClasspath,debugCompileClasspath,debugRuntimeClasspath,debugUnitTestCompileClasspath,debugUnitTestRuntimeClasspath,releaseCompileClasspath,releaseRuntimeClasspath,releaseUnitTestCompileClasspath,releaseUnitTestRuntimeClasspath
org.jetbrains.kotlinx:kotlinx-coroutines-debug:1.5.1=debugUnitTestRuntimeClasspath,releaseUnitTestRuntimeClasspath
org.jetbrains.kotlinx:kotlinx-coroutines-test:1.5.1=debugUnitTestCompileClasspath,debugUnitTestRuntimeClasspath,releaseUnitTestCompileClasspath,releaseUnitTestRuntimeClasspath
org.jetbrains:annotations:13.0=kotlinCompilerClasspath,kotlinCompilerPluginClasspath,kotlinCompilerPluginClasspathDebug,kotlinCompilerPluginClasspathRelease,kotlinKaptWorkerDependencies,lintClassPath
org.jetbrains:annotations:16.0.1=debugAndroidTestCompileClasspath,debugCompileClasspath,debugRuntimeClasspath,debugUnitTestCompileClasspath,debugUnitTestRuntimeClasspath,releaseCompileClasspath,releaseRuntimeClasspath,releaseUnitTestCompileClasspath,releaseUnitTestRuntimeClasspath
org.junit.jupiter:junit-jupiter-api:5.8.0-M1=debugUnitTestCompileClasspath,debugUnitTestRuntimeClasspath,releaseUnitTestCompileClasspath,releaseUnitTestRuntimeClasspath
org.junit.jupiter:junit-jupiter-engine:5.8.0-M1=debugUnitTestRuntimeClasspath,releaseUnitTestRuntimeClasspath
org.junit.platform:junit-platform-commons:1.8.0-M1=debugUnitTestCompileClasspath,debugUnitTestRuntimeClasspath,releaseUnitTestCompileClasspath,releaseUnitTestRuntimeClasspath
org.junit.platform:junit-platform-engine:1.8.0-M1=debugUnitTestRuntimeClasspath,releaseUnitTestRuntimeClasspath
org.junit:junit-bom:5.8.0-M1=debugUnitTestCompileClasspath,debugUnitTestRuntimeClasspath,releaseUnitTestCompileClasspath,releaseUnitTestRuntimeClasspath
org.jvnet.staxex:stax-ex:1.8.1=lintClassPath
org.kodein.di:kodein-di-core-jvm:6.5.5=debugAndroidTestCompileClasspath,debugCompileClasspath,debugRuntimeClasspath,debugUnitTestCompileClasspath,debugUnitTestRuntimeClasspath,releaseCompileClasspath,releaseRuntimeClasspath,releaseUnitTestCompileClasspath,releaseUnitTestRuntimeClasspath
org.kodein.di:kodein-di-core:6.5.5=debugAndroidTestCompileClasspath,debugCompileClasspath,debugRuntimeClasspath,debugUnitTestCompileClasspath,debugUnitTestRuntimeClasspath,releaseCompileClasspath,releaseRuntimeClasspath,releaseUnitTestCompileClasspath,releaseUnitTestRuntimeClasspath
org.kodein.di:kodein-di-framework-android-core:6.5.5=debugAndroidTestCompileClasspath,debugCompileClasspath,debugRuntimeClasspath,debugUnitTestCompileClasspath,debugUnitTestRuntimeClasspath,releaseCompileClasspath,releaseRuntimeClasspath,releaseUnitTestCompileClasspath,releaseUnitTestRuntimeClasspath
org.kodein.di:kodein-di-framework-android-x:6.5.5=debugAndroidTestCompileClasspath,debugCompileClasspath,debugRuntimeClasspath,debugUnitTestCompileClasspath,debugUnitTestRuntimeClasspath,releaseCompileClasspath,releaseRuntimeClasspath,releaseUnitTestCompileClasspath,releaseUnitTestRuntimeClasspath
org.kodein.di:kodein-di-generic-jvm:6.5.5=debugAndroidTestCompileClasspath,debugCompileClasspath,debugRuntimeClasspath,debugUnitTestCompileClasspath,debugUnitTestRuntimeClasspath,releaseCompileClasspath,releaseRuntimeClasspath,releaseUnitTestCompileClasspath,releaseUnitTestRuntimeClasspath
org.mockito:mockito-core:2.19.0=debugUnitTestCompileClasspath,debugUnitTestRuntimeClasspath,releaseUnitTestCompileClasspath,releaseUnitTestRuntimeClasspath
org.objenesis:objenesis:2.6=debugUnitTestCompileClasspath,debugUnitTestRuntimeClasspath,releaseUnitTestCompileClasspath,releaseUnitTestRuntimeClasspath
org.opentest4j:opentest4j:1.2.0=debugUnitTestCompileClasspath,debugUnitTestRuntimeClasspath,releaseUnitTestCompileClasspath,releaseUnitTestRuntimeClasspath
org.ow2.asm:asm-analysis:7.0=lintClassPath
org.ow2.asm:asm-commons:7.0=lintClassPath
org.ow2.asm:asm-tree:7.0=lintClassPath
org.ow2.asm:asm-util:7.0=lintClassPath
org.ow2.asm:asm:7.0=lintClassPath
xerces:xercesImpl:2.12.0=lintClassPath
xml-apis:xml-apis:1.4.01=lintClassPath
empty=_classStructurekaptDebugKotlin,_classStructurekaptDebugUnitTestKotlin,_classStructurekaptReleaseKotlin,_classStructurekaptReleaseUnitTestKotlin,androidApis,androidTestUtil,debugAndroidTestRuntimeClasspath,debugAnnotationProcessorClasspath,debugUnitTestAnnotationProcessorClasspath,kaptClasspath_kaptDebugKotlin,kaptClasspath_kaptDebugUnitTestKotlin,kaptClasspath_kaptReleaseKotlin,kaptClasspath_kaptReleaseUnitTestKotlin,lintChecks,releaseAnnotationProcessorClasspath,releaseUnitTestAnnotationProcessorClasspath
