# This is a Gradle generated file for dependency locking.
# Manual edits can break the build and are not advised.
# This file is expected to be part of source control.
androidx.activity:activity-ktx:1.2.0=debugCompileClasspath,debugRuntimeClasspath
androidx.activity:activity:1.2.0=debugCompileClasspath,debugRuntimeClasspath
androidx.annotation:annotation-experimental:1.0.0=debugCompileClasspath,debugRuntimeClasspath
androidx.annotation:annotation:1.2.0-beta01=debugCompileClasspath,debugRuntimeClasspath
androidx.appcompat:appcompat-resources:1.3.0-beta01=debugCompileClasspath,debugRuntimeClasspath
androidx.appcompat:appcompat:1.3.0-beta01=debugCompileClasspath,debugRuntimeClasspath
androidx.arch.core:core-common:2.1.0=debugCompileClasspath,debugRuntimeClasspath
androidx.arch.core:core-runtime:2.1.0=debugCompileClasspath,debugRuntimeClasspath
androidx.cardview:cardview:1.0.0=debugCompileClasspath,debugRuntimeClasspath
androidx.collection:collection-ktx:1.1.0=debugCompileClasspath,debugRuntimeClasspath
androidx.collection:collection:1.1.0=debugCompileClasspath,debugRuntimeClasspath
androidx.constraintlayout:constraintlayout-core:1.0.0-alpha3=debugCompileClasspath,debugRuntimeClasspath
androidx.constraintlayout:constraintlayout:2.1.0-alpha2=debugCompileClasspath,debugRuntimeClasspath
androidx.coordinatorlayout:coordinatorlayout:1.1.0=debugCompileClasspath,debugRuntimeClasspath
androidx.core:core-ktx:1.5.0-beta01=debugCompileClasspath,debugRuntimeClasspath
androidx.core:core:1.5.0-beta01=debugCompileClasspath,debugRuntimeClasspath
androidx.cursoradapter:cursoradapter:1.0.0=debugCompileClasspath,debugRuntimeClasspath
androidx.customview:customview:1.1.0=debugCompileClasspath,debugRuntimeClasspath
androidx.databinding:viewbinding:4.1.2=debugCompileClasspath,debugRuntimeClasspath
androidx.documentfile:documentfile:1.0.0=debugCompileClasspath,debugRuntimeClasspath
androidx.drawerlayout:drawerlayout:1.1.1=debugCompileClasspath,debugRuntimeClasspath
androidx.dynamicanimation:dynamicanimation:1.0.0=debugCompileClasspath,debugRuntimeClasspath
androidx.exifinterface:exifinterface:1.3.2=debugRuntimeClasspath
androidx.fragment:fragment-ktx:1.3.0=debugCompileClasspath,debugRuntimeClasspath
androidx.fragment:fragment:1.3.0=debugCompileClasspath,debugRuntimeClasspath
androidx.interpolator:interpolator:1.0.0=debugCompileClasspath,debugRuntimeClasspath
androidx.legacy:legacy-support-core-utils:1.0.0=debugCompileClasspath,debugRuntimeClasspath
androidx.lifecycle:lifecycle-common-java8:2.3.0=debugCompileClasspath,debugRuntimeClasspath
androidx.lifecycle:lifecycle-common:2.3.0=debugCompileClasspath,debugRuntimeClasspath
androidx.lifecycle:lifecycle-livedata-core-ktx:2.3.0=debugCompileClasspath,debugRuntimeClasspath
androidx.lifecycle:lifecycle-livedata-core:2.3.0=debugCompileClasspath,debugRuntimeClasspath
androidx.lifecycle:lifecycle-livedata-ktx:2.3.0=debugCompileClasspath,debugRuntimeClasspath
androidx.lifecycle:lifecycle-livedata:2.3.0=debugCompileClasspath,debugRuntimeClasspath
androidx.lifecycle:lifecycle-runtime-ktx:2.3.0=debugCompileClasspath,debugRuntimeClasspath
androidx.lifecycle:lifecycle-runtime:2.3.0=debugCompileClasspath,debugRuntimeClasspath
androidx.lifecycle:lifecycle-viewmodel-ktx:2.3.0=debugCompileClasspath,debugRuntimeClasspath
androidx.lifecycle:lifecycle-viewmodel-savedstate:2.3.0=debugCompileClasspath,debugRuntimeClasspath
androidx.lifecycle:lifecycle-viewmodel:2.3.0=debugCompileClasspath,debugRuntimeClasspath
androidx.loader:loader:1.0.0=debugCompileClasspath,debugRuntimeClasspath
androidx.localbroadcastmanager:localbroadcastmanager:1.0.0=debugCompileClasspath,debugRuntimeClasspath
androidx.navigation:navigation-common-ktx:2.3.3=debugCompileClasspath,debugRuntimeClasspath
androidx.navigation:navigation-common:2.3.3=debugCompileClasspath,debugRuntimeClasspath
androidx.navigation:navigation-dynamic-features-fragment:2.3.3=debugCompileClasspath,debugRuntimeClasspath
androidx.navigation:navigation-dynamic-features-runtime:2.3.3=debugCompileClasspath,debugRuntimeClasspath
androidx.navigation:navigation-fragment-ktx:2.3.3=debugCompileClasspath,debugRuntimeClasspath
androidx.navigation:navigation-fragment:2.3.3=debugCompileClasspath,debugRuntimeClasspath
androidx.navigation:navigation-runtime-ktx:2.3.3=debugCompileClasspath,debugRuntimeClasspath
androidx.navigation:navigation-runtime:2.3.3=debugCompileClasspath,debugRuntimeClasspath
androidx.navigation:navigation-ui-ktx:2.3.3=debugCompileClasspath,debugRuntimeClasspath
androidx.navigation:navigation-ui:2.3.3=debugCompileClasspath,debugRuntimeClasspath
androidx.print:print:1.0.0=debugCompileClasspath,debugRuntimeClasspath
androidx.recyclerview:recyclerview:1.2.0-beta01=debugCompileClasspath,debugRuntimeClasspath
androidx.savedstate:savedstate-ktx:1.1.0=debugCompileClasspath,debugRuntimeClasspath
androidx.savedstate:savedstate:1.1.0=debugCompileClasspath,debugRuntimeClasspath
androidx.tracing:tracing:1.0.0=debugRuntimeClasspath
androidx.transition:transition:1.3.0=debugCompileClasspath,debugRuntimeClasspath
androidx.vectordrawable:vectordrawable-animated:1.1.0=debugCompileClasspath,debugRuntimeClasspath
androidx.vectordrawable:vectordrawable:1.1.0=debugCompileClasspath,debugRuntimeClasspath
androidx.versionedparcelable:versionedparcelable:1.1.0=debugCompileClasspath,debugRuntimeClasspath
androidx.viewpager2:viewpager2:1.0.0=debugCompileClasspath,debugRuntimeClasspath
androidx.viewpager:viewpager:1.0.0=debugCompileClasspath,debugRuntimeClasspath
com.airbnb.android:lottie:2.8.0=debugCompileClasspath,debugRuntimeClasspath
com.facebook.stetho:stetho-okhttp3:1.5.0=debugCompileClasspath,debugRuntimeClasspath
com.facebook.stetho:stetho:1.5.0=debugCompileClasspath,debugRuntimeClasspath
com.google.android.material:material:1.3.0=debugCompileClasspath,debugRuntimeClasspath
com.google.android.play:core:1.9.1=debugCompileClasspath,debugRuntimeClasspath
com.google.code.findbugs:jsr305:2.0.1=debugCompileClasspath,debugRuntimeClasspath
com.jakewharton.timber:timber:4.7.1=debugCompileClasspath,debugRuntimeClasspath
com.squareup.moshi:moshi:1.8.0=debugCompileClasspath,debugRuntimeClasspath
com.squareup.okhttp3:logging-interceptor:4.10.0-RC1=debugCompileClasspath,debugRuntimeClasspath
com.squareup.okhttp3:okhttp:4.10.0-RC1=debugCompileClasspath,debugRuntimeClasspath
com.squareup.okio:okio:2.10.0=debugCompileClasspath,debugRuntimeClasspath
com.squareup.retrofit2:converter-moshi:2.9.0=debugCompileClasspath,debugRuntimeClasspath
com.squareup.retrofit2:retrofit:2.9.0=debugCompileClasspath,debugRuntimeClasspath
commons-cli:commons-cli:1.2=debugCompileClasspath,debugRuntimeClasspath
io.coil-kt:coil-base:1.1.1=debugCompileClasspath,debugRuntimeClasspath
io.coil-kt:coil:1.1.1=debugCompileClasspath,debugRuntimeClasspath
org.apiguardian:apiguardian-api:1.1.1=debugRuntimeClasspath
org.jetbrains.kotlin:kotlin-android-extensions-runtime:1.4.21=debugRuntimeClasspath
org.jetbrains.kotlin:kotlin-parcelize-runtime:1.4.21=debugRuntimeClasspath
org.jetbrains.kotlin:kotlin-reflect:1.4.30=debugCompileClasspath,debugRuntimeClasspath
org.jetbrains.kotlin:kotlin-stdlib-common:1.4.30=debugCompileClasspath,debugRuntimeClasspath
org.jetbrains.kotlin:kotlin-stdlib-jdk7:1.4.20=debugCompileClasspath,debugRuntimeClasspath
org.jetbrains.kotlin:kotlin-stdlib-jdk8:1.4.20=debugCompileClasspath,debugRuntimeClasspath
org.jetbrains.kotlin:kotlin-stdlib:1.4.30=debugCompileClasspath,debugRuntimeClasspath
org.jetbrains.kotlinx:kotlinx-coroutines-android:1.4.2=debugCompileClasspath,debugRuntimeClasspath
org.jetbrains.kotlinx:kotlinx-coroutines-core-jvm:1.4.2=debugCompileClasspath,debugRuntimeClasspath
org.jetbrains.kotlinx:kotlinx-coroutines-core:1.4.2=debugCompileClasspath,debugRuntimeClasspath
org.jetbrains:annotations:16.0.1=debugCompileClasspath,debugRuntimeClasspath
org.junit.jupiter:junit-jupiter-api:5.8.0-M1=debugRuntimeClasspath
org.junit.jupiter:junit-jupiter-engine:5.8.0-M1=debugRuntimeClasspath
org.junit.platform:junit-platform-commons:1.8.0-M1=debugRuntimeClasspath
org.junit.platform:junit-platform-engine:1.8.0-M1=debugRuntimeClasspath
org.junit:junit-bom:5.8.0-M1=debugRuntimeClasspath
org.kodein.di:kodein-di-core-jvm:6.5.5=debugCompileClasspath,debugRuntimeClasspath
org.kodein.di:kodein-di-core:6.5.5=debugCompileClasspath,debugRuntimeClasspath
org.kodein.di:kodein-di-framework-android-core:6.5.5=debugCompileClasspath,debugRuntimeClasspath
org.kodein.di:kodein-di-framework-android-x:6.5.5=debugCompileClasspath,debugRuntimeClasspath
org.kodein.di:kodein-di-generic-jvm:6.5.5=debugCompileClasspath,debugRuntimeClasspath
org.opentest4j:opentest4j:1.2.0=debugRuntimeClasspath
empty=
