# This is a Gradle generated file for dependency locking.
# Manual edits can break the build and are not advised.
# This file is expected to be part of source control.
androidx.annotation:annotation:1.1.0=debugCompileClasspath,debugRuntimeClasspath,debugUnitTestRuntimeClasspath,releaseCompileClasspath,releaseRuntimeClasspath,releaseUnitTestRuntimeClasspath
androidx.arch.core:core-common:2.1.0=debugCompileClasspath,debugRuntimeClasspath,debugUnitTestRuntimeClasspath,releaseCompileClasspath,releaseRuntimeClasspath,releaseUnitTestRuntimeClasspath
androidx.arch.core:core-runtime:2.1.0=debugCompileClasspath,debugRuntimeClasspath,debugUnitTestRuntimeClasspath,releaseCompileClasspath,releaseRuntimeClasspath,releaseUnitTestRuntimeClasspath
androidx.arch.core:core-testing:2.1.0=debugCompileClasspath,debugRuntimeClasspath,debugUnitTestRuntimeClasspath,releaseCompileClasspath,releaseRuntimeClasspath,releaseUnitTestRuntimeClasspath
androidx.test.espresso:espresso-core:3.4.0=debugCompileClasspath,debugRuntimeClasspath,debugUnitTestRuntimeClasspath,releaseCompileClasspath,releaseRuntimeClasspath,releaseUnitTestRuntimeClasspath
androidx.test.espresso:espresso-idling-resource:3.4.0=debugCompileClasspath,debugRuntimeClasspath,debugUnitTestRuntimeClasspath,releaseCompileClasspath,releaseRuntimeClasspath,releaseUnitTestRuntimeClasspath
androidx.test.services:storage:1.4.0=debugCompileClasspath,debugRuntimeClasspath,debugUnitTestRuntimeClasspath,releaseCompileClasspath,releaseRuntimeClasspath,releaseUnitTestRuntimeClasspath
androidx.test:monitor:1.4.0=debugCompileClasspath,debugRuntimeClasspath,debugUnitTestRuntimeClasspath,releaseCompileClasspath,releaseRuntimeClasspath,releaseUnitTestRuntimeClasspath
androidx.test:runner:1.4.0=debugCompileClasspath,debugRuntimeClasspath,debugUnitTestRuntimeClasspath,releaseCompileClasspath,releaseRuntimeClasspath,releaseUnitTestRuntimeClasspath
com.google.code.findbugs:jsr305:2.0.1=debugCompileClasspath,debugRuntimeClasspath,debugUnitTestRuntimeClasspath,releaseCompileClasspath,releaseRuntimeClasspath,releaseUnitTestRuntimeClasspath
com.squareup:javawriter:2.1.1=debugCompileClasspath,debugRuntimeClasspath,debugUnitTestRuntimeClasspath,releaseCompileClasspath,releaseRuntimeClasspath,releaseUnitTestRuntimeClasspath
io.mockk:mockk-agent-api:1.12.0=debugRuntimeClasspath,debugUnitTestRuntimeClasspath,releaseRuntimeClasspath,releaseUnitTestRuntimeClasspath
io.mockk:mockk-agent-common:1.12.0=debugRuntimeClasspath,debugUnitTestRuntimeClasspath,releaseRuntimeClasspath,releaseUnitTestRuntimeClasspath
io.mockk:mockk-agent-jvm:1.12.0=debugRuntimeClasspath,debugUnitTestRuntimeClasspath,releaseRuntimeClasspath,releaseUnitTestRuntimeClasspath
io.mockk:mockk-common:1.12.0=debugCompileClasspath,debugRuntimeClasspath,debugUnitTestRuntimeClasspath,releaseCompileClasspath,releaseRuntimeClasspath,releaseUnitTestRuntimeClasspath
io.mockk:mockk-dsl-jvm:1.12.0=debugCompileClasspath,debugRuntimeClasspath,debugUnitTestRuntimeClasspath,releaseCompileClasspath,releaseRuntimeClasspath,releaseUnitTestRuntimeClasspath
io.mockk:mockk-dsl:1.12.0=debugCompileClasspath,debugRuntimeClasspath,debugUnitTestRuntimeClasspath,releaseCompileClasspath,releaseRuntimeClasspath,releaseUnitTestRuntimeClasspath
io.mockk:mockk:1.12.0=debugCompileClasspath,debugRuntimeClasspath,debugUnitTestRuntimeClasspath,releaseCompileClasspath,releaseRuntimeClasspath,releaseUnitTestRuntimeClasspath
javax.inject:javax.inject:1=debugCompileClasspath,debugRuntimeClasspath,debugUnitTestRuntimeClasspath,releaseCompileClasspath,releaseRuntimeClasspath,releaseUnitTestRuntimeClasspath
junit:junit:4.12=debugCompileClasspath,debugRuntimeClasspath,debugUnitTestRuntimeClasspath,releaseCompileClasspath,releaseRuntimeClasspath,releaseUnitTestRuntimeClasspath
net.bytebuddy:byte-buddy-agent:1.11.5=debugRuntimeClasspath,debugUnitTestRuntimeClasspath,releaseRuntimeClasspath,releaseUnitTestRuntimeClasspath
net.bytebuddy:byte-buddy:1.11.5=debugRuntimeClasspath,debugUnitTestRuntimeClasspath,releaseRuntimeClasspath,releaseUnitTestRuntimeClasspath
net.java.dev.jna:jna-platform:5.5.0=debugRuntimeClasspath,debugUnitTestRuntimeClasspath,releaseRuntimeClasspath,releaseUnitTestRuntimeClasspath
net.java.dev.jna:jna:5.5.0=debugRuntimeClasspath,debugUnitTestRuntimeClasspath,releaseRuntimeClasspath,releaseUnitTestRuntimeClasspath
org.amshove.kluent:kluent-android:1.68=debugCompileClasspath,debugRuntimeClasspath,debugUnitTestRuntimeClasspath,releaseCompileClasspath,releaseRuntimeClasspath,releaseUnitTestRuntimeClasspath
org.amshove.kluent:kluent-common:1.68=debugCompileClasspath,debugRuntimeClasspath,debugUnitTestRuntimeClasspath,releaseCompileClasspath,releaseRuntimeClasspath,releaseUnitTestRuntimeClasspath
org.amshove.kluent:kluent:1.68=debugCompileClasspath,debugRuntimeClasspath,debugUnitTestRuntimeClasspath,releaseCompileClasspath,releaseRuntimeClasspath,releaseUnitTestRuntimeClasspath
org.apiguardian:apiguardian-api:1.1.0=debugCompileClasspath,debugRuntimeClasspath,debugUnitTestRuntimeClasspath,releaseCompileClasspath,releaseRuntimeClasspath,releaseUnitTestRuntimeClasspath
org.hamcrest:hamcrest-core:1.3=debugCompileClasspath,debugRuntimeClasspath,debugUnitTestRuntimeClasspath,releaseCompileClasspath,releaseRuntimeClasspath,releaseUnitTestRuntimeClasspath
org.hamcrest:hamcrest-integration:1.3=debugCompileClasspath,debugRuntimeClasspath,debugUnitTestRuntimeClasspath,releaseCompileClasspath,releaseRuntimeClasspath,releaseUnitTestRuntimeClasspath
org.hamcrest:hamcrest-library:1.3=debugCompileClasspath,debugRuntimeClasspath,debugUnitTestRuntimeClasspath,releaseCompileClasspath,releaseRuntimeClasspath,releaseUnitTestRuntimeClasspath
org.jetbrains.intellij.deps:trove4j:1.0.20181211=kotlinCompilerClasspath
org.jetbrains.kotlin:kotlin-compiler-embeddable:1.5.21=kotlinCompilerClasspath
org.jetbrains.kotlin:kotlin-daemon-embeddable:1.5.21=kotlinCompilerClasspath
org.jetbrains.kotlin:kotlin-reflect:1.5.21=debugCompileClasspath,debugRuntimeClasspath,debugUnitTestRuntimeClasspath,kotlinCompilerClasspath,releaseCompileClasspath,releaseRuntimeClasspath,releaseUnitTestRuntimeClasspath
org.jetbrains.kotlin:kotlin-script-runtime:1.5.21=kotlinCompilerClasspath
org.jetbrains.kotlin:kotlin-stdlib-common:1.5.21=debugCompileClasspath,debugRuntimeClasspath,debugUnitTestRuntimeClasspath,kotlinCompilerClasspath,releaseCompileClasspath,releaseRuntimeClasspath,releaseUnitTestRuntimeClasspath
org.jetbrains.kotlin:kotlin-stdlib-jdk7:1.5.21=debugCompileClasspath,debugRuntimeClasspath,debugUnitTestRuntimeClasspath,releaseCompileClasspath,releaseRuntimeClasspath,releaseUnitTestRuntimeClasspath
org.jetbrains.kotlin:kotlin-stdlib-jdk8:1.5.21=debugCompileClasspath,debugRuntimeClasspath,debugUnitTestRuntimeClasspath,releaseCompileClasspath,releaseRuntimeClasspath,releaseUnitTestRuntimeClasspath
org.jetbrains.kotlin:kotlin-stdlib:1.5.21=debugCompileClasspath,debugRuntimeClasspath,debugUnitTestRuntimeClasspath,kotlinCompilerClasspath,releaseCompileClasspath,releaseRuntimeClasspath,releaseUnitTestRuntimeClasspath
org.jetbrains.kotlin:kotlin-test-common:1.3.50=debugRuntimeClasspath,debugUnitTestRuntimeClasspath,releaseRuntimeClasspath,releaseUnitTestRuntimeClasspath
org.jetbrains.kotlin:kotlin-test:1.3.50=debugRuntimeClasspath,debugUnitTestRuntimeClasspath,releaseRuntimeClasspath,releaseUnitTestRuntimeClasspath
org.jetbrains.kotlinx:kotlinx-coroutines-android:1.5.1=debugCompileClasspath,debugRuntimeClasspath,debugUnitTestRuntimeClasspath,releaseCompileClasspath,releaseRuntimeClasspath,releaseUnitTestRuntimeClasspath
org.jetbrains.kotlinx:kotlinx-coroutines-core-jvm:1.5.1=debugCompileClasspath,debugRuntimeClasspath,debugUnitTestRuntimeClasspath,releaseCompileClasspath,releaseRuntimeClasspath,releaseUnitTestRuntimeClasspath
org.jetbrains.kotlinx:kotlinx-coroutines-core:1.5.1=debugCompileClasspath,debugRuntimeClasspath,debugUnitTestRuntimeClasspath,releaseCompileClasspath,releaseRuntimeClasspath,releaseUnitTestRuntimeClasspath
org.jetbrains.kotlinx:kotlinx-coroutines-debug:1.5.1=debugRuntimeClasspath,debugUnitTestRuntimeClasspath,releaseRuntimeClasspath,releaseUnitTestRuntimeClasspath
org.jetbrains.kotlinx:kotlinx-coroutines-test:1.5.1=debugCompileClasspath,debugRuntimeClasspath,debugUnitTestRuntimeClasspath,releaseCompileClasspath,releaseRuntimeClasspath,releaseUnitTestRuntimeClasspath
org.jetbrains:annotations:13.0=debugCompileClasspath,debugRuntimeClasspath,debugUnitTestRuntimeClasspath,kotlinCompilerClasspath,releaseCompileClasspath,releaseRuntimeClasspath,releaseUnitTestRuntimeClasspath
org.junit.jupiter:junit-jupiter-api:5.7.2=debugCompileClasspath,debugRuntimeClasspath,debugUnitTestRuntimeClasspath,releaseCompileClasspath,releaseRuntimeClasspath,releaseUnitTestRuntimeClasspath
org.junit.jupiter:junit-jupiter-engine:5.7.2=debugRuntimeClasspath,debugUnitTestRuntimeClasspath,releaseRuntimeClasspath,releaseUnitTestRuntimeClasspath
org.junit.platform:junit-platform-commons:1.7.2=debugCompileClasspath,debugRuntimeClasspath,debugUnitTestRuntimeClasspath,releaseCompileClasspath,releaseRuntimeClasspath,releaseUnitTestRuntimeClasspath
org.junit.platform:junit-platform-engine:1.7.2=debugRuntimeClasspath,debugUnitTestRuntimeClasspath,releaseRuntimeClasspath,releaseUnitTestRuntimeClasspath
org.junit:junit-bom:5.7.2=debugCompileClasspath,debugRuntimeClasspath,debugUnitTestRuntimeClasspath,releaseCompileClasspath,releaseRuntimeClasspath,releaseUnitTestRuntimeClasspath
org.mockito:mockito-core:2.19.0=debugCompileClasspath,debugRuntimeClasspath,debugUnitTestRuntimeClasspath,releaseCompileClasspath,releaseRuntimeClasspath,releaseUnitTestRuntimeClasspath
org.objenesis:objenesis:3.1=debugCompileClasspath,debugRuntimeClasspath,debugUnitTestRuntimeClasspath,releaseCompileClasspath,releaseRuntimeClasspath,releaseUnitTestRuntimeClasspath
org.opentest4j:opentest4j:1.2.0=debugCompileClasspath,debugRuntimeClasspath,debugUnitTestRuntimeClasspath,releaseCompileClasspath,releaseRuntimeClasspath,releaseUnitTestRuntimeClasspath
empty=androidApis,debugAnnotationProcessorClasspath,debugUnitTestAnnotationProcessorClasspath,kotlinCompilerPluginClasspath,kotlinCompilerPluginClasspathDebug,kotlinCompilerPluginClasspathRelease,releaseAnnotationProcessorClasspath,releaseUnitTestAnnotationProcessorClasspath
